{
  "requires": true,
  "lockfileVersion": 1,
  "dependencies": {
    "@types/three": {
      "version": "0.132.2",
      "resolved": "https://registry.npmjs.org/@types/three/-/three-0.132.2.tgz",
      "integrity": "sha512-DpaP0sObpHvKX8zdfCqyTK526N8lQ86Qstp6MnQJ3jNYie7Bv9AMRTALuoIH8dgVZ62z9twuNvEarWHXOZwmSw=="
    }
  }
}
